[root]
name = "unicode"
version = "0.0.1"
dependencies = [
 "alfred 0.0.2 (registry+https://github.com/rust-lang/crates.io-index)",
 "time 0.1.1 (git+https://github.com/rust-lang/time)",
]

[[package]]
name = "alfred"
version = "0.0.2"
source = "registry+https://github.com/rust-lang/crates.io-index"

[[package]]
name = "gcc"
version = "0.1.1"
source = "git+https://github.com/alexcrichton/gcc-rs#d35c34c871dd75f97fadf04cb0ed85d997a9bc0c"

[[package]]
name = "time"
version = "0.1.1"
source = "git+https://github.com/rust-lang/time#4c7585dee9e418a9da793574869f292df2653c47"
dependencies = [
 "gcc 0.1.1 (git+https://github.com/alexcrichton/gcc-rs)",
]

